
Microsoft Visual Studio Solution File, Format Version 12.00
# Visual Studio Version 17
VisualStudioVersion = 17.14.36429.23 d17.14
MinimumVisualStudioVersion = 10.0.40219.1
Project("{FAE04EC0-301F-11D3-BF4B-00C04F79EFBC}") = "LangImporter", "LangImporter.csproj", "{C24D1559-72F3-4024-91E8-956BB47BDA9B}"
EndProject
Global
	GlobalSection(SolutionConfigurationPlatforms) = preSolution
		Debug|Any CPU = Debug|Any CPU
		Release|Any CPU = Release|Any CPU
	EndGlobalSection
	GlobalSection(ProjectConfigurationPlatforms) = postSolution
		{C24D1559-72F3-4024-91E8-956BB47BDA9B}.Debug|Any CPU.ActiveCfg = Debug|Any CPU
		{C24D1559-72F3-4024-91E8-956BB47BDA9B}.Debug|Any CPU.Build.0 = Debug|Any CPU
		{C24D1559-72F3-4024-91E8-956BB47BDA9B}.Release|Any CPU.ActiveCfg = Release|Any CPU
		{C24D1559-72F3-4024-91E8-956BB47BDA9B}.Release|Any CPU.Build.0 = Release|Any CPU
	EndGlobalSection
	GlobalSection(SolutionProperties) = preSolution
		HideSolutionNode = FALSE
	EndGlobalSection
	GlobalSection(ExtensibilityGlobals) = postSolution
		SolutionGuid = {D36B1D7A-0F71-4B90-940E-FB3C383CD57A}
	EndGlobalSection
EndGlobal
